
Microsoft Visual Studio Solution File, Format Version 12.00
# Visual Studio 15
VisualStudioVersion = 15.0.27428.2005
MinimumVisualStudioVersion = 10.0.40219.1
Project("{FAE04EC0-301F-11D3-BF4B-00C04F79EFBC}") = "Soccer.Android", "Soccer\Soccer.Android\Soccer.Android.csproj", "{919510A6-CCC0-48B3-AB0D-46A888D9ACD9}"
EndProject
Project("{FAE04EC0-301F-11D3-BF4B-00C04F79EFBC}") = "Soccer.iOS", "Soccer\Soccer.iOS\Soccer.iOS.csproj", "{957CDC16-82E2-4886-A19F-B30D55616E3E}"
EndProject
Project("{9A19103F-16F7-4668-BE54-9A1E7A4F7556}") = "Soccer", "Soccer\Soccer\Soccer.csproj", "{51F03F31-F274-4A52-8AA2-49E8866A62F0}"
EndProject
Project("{FAE04EC0-301F-11D3-BF4B-00C04F79EFBC}") = "Soccer.Backend", "Soccer.Backend\Soccer.Backend.csproj", "{8ED86678-8573-4593-B0E9-0B32EAE61AAF}"
EndProject
Project("{FAE04EC0-301F-11D3-BF4B-00C04F79EFBC}") = "Soccer.API", "Soccer.API\Soccer.API.csproj", "{58C266F4-D0A8-4348-9363-58BF665CC870}"
EndProject
Project("{FAE04EC0-301F-11D3-BF4B-00C04F79EFBC}") = "Soccer.Domain", "Soccer.Domain\Soccer.Domain.csproj", "{1C289635-7CF3-4FEB-AC20-DB0EAB5FDB10}"
EndProject
Project("{FAE04EC0-301F-11D3-BF4B-00C04F79EFBC}") = "NotificationTest", "NotificationTest\NotificationTest.csproj", "{073F4D3B-4BF0-4D6B-8C8F-0A5070593A2E}"
EndProject
Global
	GlobalSection(SolutionConfigurationPlatforms) = preSolution
		Ad-Hoc|Any CPU = Ad-Hoc|Any CPU
		Ad-Hoc|iPhone = Ad-Hoc|iPhone
		Ad-Hoc|iPhoneSimulator = Ad-Hoc|iPhoneSimulator
		AppStore|Any CPU = AppStore|Any CPU
		AppStore|iPhone = AppStore|iPhone
		AppStore|iPhoneSimulator = AppStore|iPhoneSimulator
		Debug|Any CPU = Debug|Any CPU
		Debug|iPhone = Debug|iPhone
		Debug|iPhoneSimulator = Debug|iPhoneSimulator
		Release|Any CPU = Release|Any CPU
		Release|iPhone = Release|iPhone
		Release|iPhoneSimulator = Release|iPhoneSimulator
	EndGlobalSection
	GlobalSection(ProjectConfigurationPlatforms) = postSolution
		{919510A6-CCC0-48B3-AB0D-46A888D9ACD9}.Ad-Hoc|Any CPU.ActiveCfg = Release|Any CPU
		{919510A6-CCC0-48B3-AB0D-46A888D9ACD9}.Ad-Hoc|Any CPU.Build.0 = Release|Any CPU
		{919510A6-CCC0-48B3-AB0D-46A888D9ACD9}.Ad-Hoc|Any CPU.Deploy.0 = Release|Any CPU
		{919510A6-CCC0-48B3-AB0D-46A888D9ACD9}.Ad-Hoc|iPhone.ActiveCfg = Release|Any CPU
		{919510A6-CCC0-48B3-AB0D-46A888D9ACD9}.Ad-Hoc|iPhone.Build.0 = Release|Any CPU
		{919510A6-CCC0-48B3-AB0D-46A888D9ACD9}.Ad-Hoc|iPhone.Deploy.0 = Release|Any CPU
		{919510A6-CCC0-48B3-AB0D-46A888D9ACD9}.Ad-Hoc|iPhoneSimulator.ActiveCfg = Release|Any CPU
		{919510A6-CCC0-48B3-AB0D-46A888D9ACD9}.Ad-Hoc|iPhoneSimulator.Build.0 = Release|Any CPU
		{919510A6-CCC0-48B3-AB0D-46A888D9ACD9}.Ad-Hoc|iPhoneSimulator.Deploy.0 = Release|Any CPU
		{919510A6-CCC0-48B3-AB0D-46A888D9ACD9}.AppStore|Any CPU.ActiveCfg = Release|Any CPU
		{919510A6-CCC0-48B3-AB0D-46A888D9ACD9}.AppStore|Any CPU.Build.0 = Release|Any CPU
		{919510A6-CCC0-48B3-AB0D-46A888D9ACD9}.AppStore|Any CPU.Deploy.0 = Release|Any CPU
		{919510A6-CCC0-48B3-AB0D-46A888D9ACD9}.AppStore|iPhone.ActiveCfg = Release|Any CPU
		{919510A6-CCC0-48B3-AB0D-46A888D9ACD9}.AppStore|iPhone.Build.0 = Release|Any CPU
		{919510A6-CCC0-48B3-AB0D-46A888D9ACD9}.AppStore|iPhone.Deploy.0 = Release|Any CPU
		{919510A6-CCC0-48B3-AB0D-46A888D9ACD9}.AppStore|iPhoneSimulator.ActiveCfg = Release|Any CPU
		{919510A6-CCC0-48B3-AB0D-46A888D9ACD9}.AppStore|iPhoneSimulator.Build.0 = Release|Any CPU
		{919510A6-CCC0-48B3-AB0D-46A888D9ACD9}.AppStore|iPhoneSimulator.Deploy.0 = Release|Any CPU
		{919510A6-CCC0-48B3-AB0D-46A888D9ACD9}.Debug|Any CPU.ActiveCfg = Debug|Any CPU
		{919510A6-CCC0-48B3-AB0D-46A888D9ACD9}.Debug|Any CPU.Build.0 = Debug|Any CPU
		{919510A6-CCC0-48B3-AB0D-46A888D9ACD9}.Debug|Any CPU.Deploy.0 = Debug|Any CPU
		{919510A6-CCC0-48B3-AB0D-46A888D9ACD9}.Debug|iPhone.ActiveCfg = Debug|Any CPU
		{919510A6-CCC0-48B3-AB0D-46A888D9ACD9}.Debug|iPhone.Build.0 = Debug|Any CPU
		{919510A6-CCC0-48B3-AB0D-46A888D9ACD9}.Debug|iPhone.Deploy.0 = Debug|Any CPU
		{919510A6-CCC0-48B3-AB0D-46A888D9ACD9}.Debug|iPhoneSimulator.ActiveCfg = Debug|Any CPU
		{919510A6-CCC0-48B3-AB0D-46A888D9ACD9}.Debug|iPhoneSimulator.Build.0 = Debug|Any CPU
		{919510A6-CCC0-48B3-AB0D-46A888D9ACD9}.Debug|iPhoneSimulator.Deploy.0 = Debug|Any CPU
		{919510A6-CCC0-48B3-AB0D-46A888D9ACD9}.Release|Any CPU.ActiveCfg = Release|Any CPU
		{919510A6-CCC0-48B3-AB0D-46A888D9ACD9}.Release|Any CPU.Build.0 = Release|Any CPU
		{919510A6-CCC0-48B3-AB0D-46A888D9ACD9}.Release|Any CPU.Deploy.0 = Release|Any CPU
		{919510A6-CCC0-48B3-AB0D-46A888D9ACD9}.Release|iPhone.ActiveCfg = Release|Any CPU
		{919510A6-CCC0-48B3-AB0D-46A888D9ACD9}.Release|iPhone.Build.0 = Release|Any CPU
		{919510A6-CCC0-48B3-AB0D-46A888D9ACD9}.Release|iPhone.Deploy.0 = Release|Any CPU
		{919510A6-CCC0-48B3-AB0D-46A888D9ACD9}.Release|iPhoneSimulator.ActiveCfg = Release|Any CPU
		{919510A6-CCC0-48B3-AB0D-46A888D9ACD9}.Release|iPhoneSimulator.Build.0 = Release|Any CPU
		{919510A6-CCC0-48B3-AB0D-46A888D9ACD9}.Release|iPhoneSimulator.Deploy.0 = Release|Any CPU
		{957CDC16-82E2-4886-A19F-B30D55616E3E}.Ad-Hoc|Any CPU.ActiveCfg = Ad-Hoc|iPhone
		{957CDC16-82E2-4886-A19F-B30D55616E3E}.Ad-Hoc|iPhone.ActiveCfg = Ad-Hoc|iPhone
		{957CDC16-82E2-4886-A19F-B30D55616E3E}.Ad-Hoc|iPhone.Build.0 = Ad-Hoc|iPhone
		{957CDC16-82E2-4886-A19F-B30D55616E3E}.Ad-Hoc|iPhoneSimulator.ActiveCfg = Ad-Hoc|iPhoneSimulator
		{957CDC16-82E2-4886-A19F-B30D55616E3E}.Ad-Hoc|iPhoneSimulator.Build.0 = Ad-Hoc|iPhoneSimulator
		{957CDC16-82E2-4886-A19F-B30D55616E3E}.AppStore|Any CPU.ActiveCfg = AppStore|iPhone
		{957CDC16-82E2-4886-A19F-B30D55616E3E}.AppStore|iPhone.ActiveCfg = AppStore|iPhone
		{957CDC16-82E2-4886-A19F-B30D55616E3E}.AppStore|iPhone.Build.0 = AppStore|iPhone
		{957CDC16-82E2-4886-A19F-B30D55616E3E}.AppStore|iPhoneSimulator.ActiveCfg = AppStore|iPhoneSimulator
		{957CDC16-82E2-4886-A19F-B30D55616E3E}.AppStore|iPhoneSimulator.Build.0 = AppStore|iPhoneSimulator
		{957CDC16-82E2-4886-A19F-B30D55616E3E}.Debug|Any CPU.ActiveCfg = Debug|iPhone
		{957CDC16-82E2-4886-A19F-B30D55616E3E}.Debug|iPhone.ActiveCfg = Debug|iPhone
		{957CDC16-82E2-4886-A19F-B30D55616E3E}.Debug|iPhone.Build.0 = Debug|iPhone
		{957CDC16-82E2-4886-A19F-B30D55616E3E}.Debug|iPhoneSimulator.ActiveCfg = Debug|iPhoneSimulator
		{957CDC16-82E2-4886-A19F-B30D55616E3E}.Debug|iPhoneSimulator.Build.0 = Debug|iPhoneSimulator
		{957CDC16-82E2-4886-A19F-B30D55616E3E}.Release|Any CPU.ActiveCfg = Release|iPhone
		{957CDC16-82E2-4886-A19F-B30D55616E3E}.Release|iPhone.ActiveCfg = Release|iPhone
		{957CDC16-82E2-4886-A19F-B30D55616E3E}.Release|iPhone.Build.0 = Release|iPhone
		{957CDC16-82E2-4886-A19F-B30D55616E3E}.Release|iPhoneSimulator.ActiveCfg = Release|iPhoneSimulator
		{957CDC16-82E2-4886-A19F-B30D55616E3E}.Release|iPhoneSimulator.Build.0 = Release|iPhoneSimulator
		{51F03F31-F274-4A52-8AA2-49E8866A62F0}.Ad-Hoc|Any CPU.ActiveCfg = Debug|Any CPU
		{51F03F31-F274-4A52-8AA2-49E8866A62F0}.Ad-Hoc|Any CPU.Build.0 = Debug|Any CPU
		{51F03F31-F274-4A52-8AA2-49E8866A62F0}.Ad-Hoc|iPhone.ActiveCfg = Debug|Any CPU
		{51F03F31-F274-4A52-8AA2-49E8866A62F0}.Ad-Hoc|iPhone.Build.0 = Debug|Any CPU
		{51F03F31-F274-4A52-8AA2-49E8866A62F0}.Ad-Hoc|iPhoneSimulator.ActiveCfg = Debug|Any CPU
		{51F03F31-F274-4A52-8AA2-49E8866A62F0}.Ad-Hoc|iPhoneSimulator.Build.0 = Debug|Any CPU
		{51F03F31-F274-4A52-8AA2-49E8866A62F0}.AppStore|Any CPU.ActiveCfg = Debug|Any CPU
		{51F03F31-F274-4A52-8AA2-49E8866A62F0}.AppStore|Any CPU.Build.0 = Debug|Any CPU
		{51F03F31-F274-4A52-8AA2-49E8866A62F0}.AppStore|iPhone.ActiveCfg = Debug|Any CPU
		{51F03F31-F274-4A52-8AA2-49E8866A62F0}.AppStore|iPhone.Build.0 = Debug|Any CPU
		{51F03F31-F274-4A52-8AA2-49E8866A62F0}.AppStore|iPhoneSimulator.ActiveCfg = Debug|Any CPU
		{51F03F31-F274-4A52-8AA2-49E8866A62F0}.AppStore|iPhoneSimulator.Build.0 = Debug|Any CPU
		{51F03F31-F274-4A52-8AA2-49E8866A62F0}.Debug|Any CPU.ActiveCfg = Debug|Any CPU
		{51F03F31-F274-4A52-8AA2-49E8866A62F0}.Debug|Any CPU.Build.0 = Debug|Any CPU
		{51F03F31-F274-4A52-8AA2-49E8866A62F0}.Debug|iPhone.ActiveCfg = Debug|Any CPU
		{51F03F31-F274-4A52-8AA2-49E8866A62F0}.Debug|iPhone.Build.0 = Debug|Any CPU
		{51F03F31-F274-4A52-8AA2-49E8866A62F0}.Debug|iPhoneSimulator.ActiveCfg = Debug|Any CPU
		{51F03F31-F274-4A52-8AA2-49E8866A62F0}.Debug|iPhoneSimulator.Build.0 = Debug|Any CPU
		{51F03F31-F274-4A52-8AA2-49E8866A62F0}.Release|Any CPU.ActiveCfg = Release|Any CPU
		{51F03F31-F274-4A52-8AA2-49E8866A62F0}.Release|Any CPU.Build.0 = Release|Any CPU
		{51F03F31-F274-4A52-8AA2-49E8866A62F0}.Release|iPhone.ActiveCfg = Release|Any CPU
		{51F03F31-F274-4A52-8AA2-49E8866A62F0}.Release|iPhone.Build.0 = Release|Any CPU
		{51F03F31-F274-4A52-8AA2-49E8866A62F0}.Release|iPhoneSimulator.ActiveCfg = Release|Any CPU
		{51F03F31-F274-4A52-8AA2-49E8866A62F0}.Release|iPhoneSimulator.Build.0 = Release|Any CPU
		{8ED86678-8573-4593-B0E9-0B32EAE61AAF}.Ad-Hoc|Any CPU.ActiveCfg = Release|Any CPU
		{8ED86678-8573-4593-B0E9-0B32EAE61AAF}.Ad-Hoc|Any CPU.Build.0 = Release|Any CPU
		{8ED86678-8573-4593-B0E9-0B32EAE61AAF}.Ad-Hoc|iPhone.ActiveCfg = Release|Any CPU
		{8ED86678-8573-4593-B0E9-0B32EAE61AAF}.Ad-Hoc|iPhone.Build.0 = Release|Any CPU
		{8ED86678-8573-4593-B0E9-0B32EAE61AAF}.Ad-Hoc|iPhoneSimulator.ActiveCfg = Release|Any CPU
		{8ED86678-8573-4593-B0E9-0B32EAE61AAF}.Ad-Hoc|iPhoneSimulator.Build.0 = Release|Any CPU
		{8ED86678-8573-4593-B0E9-0B32EAE61AAF}.AppStore|Any CPU.ActiveCfg = Release|Any CPU
		{8ED86678-8573-4593-B0E9-0B32EAE61AAF}.AppStore|Any CPU.Build.0 = Release|Any CPU
		{8ED86678-8573-4593-B0E9-0B32EAE61AAF}.AppStore|iPhone.ActiveCfg = Release|Any CPU
		{8ED86678-8573-4593-B0E9-0B32EAE61AAF}.AppStore|iPhone.Build.0 = Release|Any CPU
		{8ED86678-8573-4593-B0E9-0B32EAE61AAF}.AppStore|iPhoneSimulator.ActiveCfg = Release|Any CPU
		{8ED86678-8573-4593-B0E9-0B32EAE61AAF}.AppStore|iPhoneSimulator.Build.0 = Release|Any CPU
		{8ED86678-8573-4593-B0E9-0B32EAE61AAF}.Debug|Any CPU.ActiveCfg = Debug|Any CPU
		{8ED86678-8573-4593-B0E9-0B32EAE61AAF}.Debug|Any CPU.Build.0 = Debug|Any CPU
		{8ED86678-8573-4593-B0E9-0B32EAE61AAF}.Debug|iPhone.ActiveCfg = Debug|Any CPU
		{8ED86678-8573-4593-B0E9-0B32EAE61AAF}.Debug|iPhone.Build.0 = Debug|Any CPU
		{8ED86678-8573-4593-B0E9-0B32EAE61AAF}.Debug|iPhoneSimulator.ActiveCfg = Debug|Any CPU
		{8ED86678-8573-4593-B0E9-0B32EAE61AAF}.Debug|iPhoneSimulator.Build.0 = Debug|Any CPU
		{8ED86678-8573-4593-B0E9-0B32EAE61AAF}.Release|Any CPU.ActiveCfg = Release|Any CPU
		{8ED86678-8573-4593-B0E9-0B32EAE61AAF}.Release|Any CPU.Build.0 = Release|Any CPU
		{8ED86678-8573-4593-B0E9-0B32EAE61AAF}.Release|iPhone.ActiveCfg = Release|Any CPU
		{8ED86678-8573-4593-B0E9-0B32EAE61AAF}.Release|iPhone.Build.0 = Release|Any CPU
		{8ED86678-8573-4593-B0E9-0B32EAE61AAF}.Release|iPhoneSimulator.ActiveCfg = Release|Any CPU
		{8ED86678-8573-4593-B0E9-0B32EAE61AAF}.Release|iPhoneSimulator.Build.0 = Release|Any CPU
		{58C266F4-D0A8-4348-9363-58BF665CC870}.Ad-Hoc|Any CPU.ActiveCfg = Release|Any CPU
		{58C266F4-D0A8-4348-9363-58BF665CC870}.Ad-Hoc|Any CPU.Build.0 = Release|Any CPU
		{58C266F4-D0A8-4348-9363-58BF665CC870}.Ad-Hoc|iPhone.ActiveCfg = Release|Any CPU
		{58C266F4-D0A8-4348-9363-58BF665CC870}.Ad-Hoc|iPhone.Build.0 = Release|Any CPU
		{58C266F4-D0A8-4348-9363-58BF665CC870}.Ad-Hoc|iPhoneSimulator.ActiveCfg = Release|Any CPU
		{58C266F4-D0A8-4348-9363-58BF665CC870}.Ad-Hoc|iPhoneSimulator.Build.0 = Release|Any CPU
		{58C266F4-D0A8-4348-9363-58BF665CC870}.AppStore|Any CPU.ActiveCfg = Release|Any CPU
		{58C266F4-D0A8-4348-9363-58BF665CC870}.AppStore|Any CPU.Build.0 = Release|Any CPU
		{58C266F4-D0A8-4348-9363-58BF665CC870}.AppStore|iPhone.ActiveCfg = Release|Any CPU
		{58C266F4-D0A8-4348-9363-58BF665CC870}.AppStore|iPhone.Build.0 = Release|Any CPU
		{58C266F4-D0A8-4348-9363-58BF665CC870}.AppStore|iPhoneSimulator.ActiveCfg = Release|Any CPU
		{58C266F4-D0A8-4348-9363-58BF665CC870}.AppStore|iPhoneSimulator.Build.0 = Release|Any CPU
		{58C266F4-D0A8-4348-9363-58BF665CC870}.Debug|Any CPU.ActiveCfg = Debug|Any CPU
		{58C266F4-D0A8-4348-9363-58BF665CC870}.Debug|Any CPU.Build.0 = Debug|Any CPU
		{58C266F4-D0A8-4348-9363-58BF665CC870}.Debug|iPhone.ActiveCfg = Debug|Any CPU
		{58C266F4-D0A8-4348-9363-58BF665CC870}.Debug|iPhone.Build.0 = Debug|Any CPU
		{58C266F4-D0A8-4348-9363-58BF665CC870}.Debug|iPhoneSimulator.ActiveCfg = Debug|Any CPU
		{58C266F4-D0A8-4348-9363-58BF665CC870}.Debug|iPhoneSimulator.Build.0 = Debug|Any CPU
		{58C266F4-D0A8-4348-9363-58BF665CC870}.Release|Any CPU.ActiveCfg = Release|Any CPU
		{58C266F4-D0A8-4348-9363-58BF665CC870}.Release|Any CPU.Build.0 = Release|Any CPU
		{58C266F4-D0A8-4348-9363-58BF665CC870}.Release|iPhone.ActiveCfg = Release|Any CPU
		{58C266F4-D0A8-4348-9363-58BF665CC870}.Release|iPhone.Build.0 = Release|Any CPU
		{58C266F4-D0A8-4348-9363-58BF665CC870}.Release|iPhoneSimulator.ActiveCfg = Release|Any CPU
		{58C266F4-D0A8-4348-9363-58BF665CC870}.Release|iPhoneSimulator.Build.0 = Release|Any CPU
		{1C289635-7CF3-4FEB-AC20-DB0EAB5FDB10}.Ad-Hoc|Any CPU.ActiveCfg = Release|Any CPU
		{1C289635-7CF3-4FEB-AC20-DB0EAB5FDB10}.Ad-Hoc|Any CPU.Build.0 = Release|Any CPU
		{1C289635-7CF3-4FEB-AC20-DB0EAB5FDB10}.Ad-Hoc|iPhone.ActiveCfg = Release|Any CPU
		{1C289635-7CF3-4FEB-AC20-DB0EAB5FDB10}.Ad-Hoc|iPhone.Build.0 = Release|Any CPU
		{1C289635-7CF3-4FEB-AC20-DB0EAB5FDB10}.Ad-Hoc|iPhoneSimulator.ActiveCfg = Release|Any CPU
		{1C289635-7CF3-4FEB-AC20-DB0EAB5FDB10}.Ad-Hoc|iPhoneSimulator.Build.0 = Release|Any CPU
		{1C289635-7CF3-4FEB-AC20-DB0EAB5FDB10}.AppStore|Any CPU.ActiveCfg = Release|Any CPU
		{1C289635-7CF3-4FEB-AC20-DB0EAB5FDB10}.AppStore|Any CPU.Build.0 = Release|Any CPU
		{1C289635-7CF3-4FEB-AC20-DB0EAB5FDB10}.AppStore|iPhone.ActiveCfg = Release|Any CPU
		{1C289635-7CF3-4FEB-AC20-DB0EAB5FDB10}.AppStore|iPhone.Build.0 = Release|Any CPU
		{1C289635-7CF3-4FEB-AC20-DB0EAB5FDB10}.AppStore|iPhoneSimulator.ActiveCfg = Release|Any CPU
		{1C289635-7CF3-4FEB-AC20-DB0EAB5FDB10}.AppStore|iPhoneSimulator.Build.0 = Release|Any CPU
		{1C289635-7CF3-4FEB-AC20-DB0EAB5FDB10}.Debug|Any CPU.ActiveCfg = Debug|Any CPU
		{1C289635-7CF3-4FEB-AC20-DB0EAB5FDB10}.Debug|Any CPU.Build.0 = Debug|Any CPU
		{1C289635-7CF3-4FEB-AC20-DB0EAB5FDB10}.Debug|iPhone.ActiveCfg = Debug|Any CPU
		{1C289635-7CF3-4FEB-AC20-DB0EAB5FDB10}.Debug|iPhone.Build.0 = Debug|Any CPU
		{1C289635-7CF3-4FEB-AC20-DB0EAB5FDB10}.Debug|iPhoneSimulator.ActiveCfg = Debug|Any CPU
		{1C289635-7CF3-4FEB-AC20-DB0EAB5FDB10}.Debug|iPhoneSimulator.Build.0 = Debug|Any CPU
		{1C289635-7CF3-4FEB-AC20-DB0EAB5FDB10}.Release|Any CPU.ActiveCfg = Release|Any CPU
		{1C289635-7CF3-4FEB-AC20-DB0EAB5FDB10}.Release|Any CPU.Build.0 = Release|Any CPU
		{1C289635-7CF3-4FEB-AC20-DB0EAB5FDB10}.Release|iPhone.ActiveCfg = Release|Any CPU
		{1C289635-7CF3-4FEB-AC20-DB0EAB5FDB10}.Release|iPhone.Build.0 = Release|Any CPU
		{1C289635-7CF3-4FEB-AC20-DB0EAB5FDB10}.Release|iPhoneSimulator.ActiveCfg = Release|Any CPU
		{1C289635-7CF3-4FEB-AC20-DB0EAB5FDB10}.Release|iPhoneSimulator.Build.0 = Release|Any CPU
		{073F4D3B-4BF0-4D6B-8C8F-0A5070593A2E}.Ad-Hoc|Any CPU.ActiveCfg = Release|Any CPU
		{073F4D3B-4BF0-4D6B-8C8F-0A5070593A2E}.Ad-Hoc|Any CPU.Build.0 = Release|Any CPU
		{073F4D3B-4BF0-4D6B-8C8F-0A5070593A2E}.Ad-Hoc|iPhone.ActiveCfg = Release|Any CPU
		{073F4D3B-4BF0-4D6B-8C8F-0A5070593A2E}.Ad-Hoc|iPhone.Build.0 = Release|Any CPU
		{073F4D3B-4BF0-4D6B-8C8F-0A5070593A2E}.Ad-Hoc|iPhoneSimulator.ActiveCfg = Release|Any CPU
		{073F4D3B-4BF0-4D6B-8C8F-0A5070593A2E}.Ad-Hoc|iPhoneSimulator.Build.0 = Release|Any CPU
		{073F4D3B-4BF0-4D6B-8C8F-0A5070593A2E}.AppStore|Any CPU.ActiveCfg = Release|Any CPU
		{073F4D3B-4BF0-4D6B-8C8F-0A5070593A2E}.AppStore|Any CPU.Build.0 = Release|Any CPU
		{073F4D3B-4BF0-4D6B-8C8F-0A5070593A2E}.AppStore|iPhone.ActiveCfg = Release|Any CPU
		{073F4D3B-4BF0-4D6B-8C8F-0A5070593A2E}.AppStore|iPhone.Build.0 = Release|Any CPU
		{073F4D3B-4BF0-4D6B-8C8F-0A5070593A2E}.AppStore|iPhoneSimulator.ActiveCfg = Release|Any CPU
		{073F4D3B-4BF0-4D6B-8C8F-0A5070593A2E}.AppStore|iPhoneSimulator.Build.0 = Release|Any CPU
		{073F4D3B-4BF0-4D6B-8C8F-0A5070593A2E}.Debug|Any CPU.ActiveCfg = Debug|Any CPU
		{073F4D3B-4BF0-4D6B-8C8F-0A5070593A2E}.Debug|Any CPU.Build.0 = Debug|Any CPU
		{073F4D3B-4BF0-4D6B-8C8F-0A5070593A2E}.Debug|iPhone.ActiveCfg = Debug|Any CPU
		{073F4D3B-4BF0-4D6B-8C8F-0A5070593A2E}.Debug|iPhone.Build.0 = Debug|Any CPU
		{073F4D3B-4BF0-4D6B-8C8F-0A5070593A2E}.Debug|iPhoneSimulator.ActiveCfg = Debug|Any CPU
		{073F4D3B-4BF0-4D6B-8C8F-0A5070593A2E}.Debug|iPhoneSimulator.Build.0 = Debug|Any CPU
		{073F4D3B-4BF0-4D6B-8C8F-0A5070593A2E}.Release|Any CPU.ActiveCfg = Release|Any CPU
		{073F4D3B-4BF0-4D6B-8C8F-0A5070593A2E}.Release|Any CPU.Build.0 = Release|Any CPU
		{073F4D3B-4BF0-4D6B-8C8F-0A5070593A2E}.Release|iPhone.ActiveCfg = Release|Any CPU
		{073F4D3B-4BF0-4D6B-8C8F-0A5070593A2E}.Release|iPhone.Build.0 = Release|Any CPU
		{073F4D3B-4BF0-4D6B-8C8F-0A5070593A2E}.Release|iPhoneSimulator.ActiveCfg = Release|Any CPU
		{073F4D3B-4BF0-4D6B-8C8F-0A5070593A2E}.Release|iPhoneSimulator.Build.0 = Release|Any CPU
	EndGlobalSection
	GlobalSection(SolutionProperties) = preSolution
		HideSolutionNode = FALSE
	EndGlobalSection
	GlobalSection(ExtensibilityGlobals) = postSolution
		SolutionGuid = {93B10106-8A90-4C40-9A35-6CFE12A940A5}
	EndGlobalSection
EndGlobal
